
Microsoft Visual Studio Solution File, Format Version 12.00
# Visual Studio Version 17
VisualStudioVersion = 17.8.34330.188
MinimumVisualStudioVersion = 10.0.40219.1
Project("{FAE04EC0-301F-11D3-BF4B-00C04F79EFBC}") = "WebDriver.Task1", "WebDriver.Task1\WebDriver.Task1.csproj", "{9ECACAF5-5817-4EC4-B591-1E8690E5984D}"
EndProject
Global
	GlobalSection(SolutionConfigurationPlatforms) = preSolution
		Debug|Any CPU = Debug|Any CPU
		Release|Any CPU = Release|Any CPU
	EndGlobalSection
	GlobalSection(ProjectConfigurationPlatforms) = postSolution
		{9ECACAF5-5817-4EC4-B591-1E8690E5984D}.Debug|Any CPU.ActiveCfg = Debug|Any CPU
		{9ECACAF5-5817-4EC4-B591-1E8690E5984D}.Debug|Any CPU.Build.0 = Debug|Any CPU
		{9ECACAF5-5817-4EC4-B591-1E8690E5984D}.Release|Any CPU.ActiveCfg = Release|Any CPU
		{9ECACAF5-5817-4EC4-B591-1E8690E5984D}.Release|Any CPU.Build.0 = Release|Any CPU
	EndGlobalSection
	GlobalSection(SolutionProperties) = preSolution
		HideSolutionNode = FALSE
	EndGlobalSection
	GlobalSection(ExtensibilityGlobals) = postSolution
		SolutionGuid = {28A6F484-A1FC-4FC1-9C24-8DD275B9D06A}
	EndGlobalSection
EndGlobal
